
Microsoft Visual Studio Solution File, Format Version 12.00
# Visual Studio 15
VisualStudioVersion = 15.0.28307.136
MinimumVisualStudioVersion = 10.0.40219.1
Project("{FAE04EC0-301F-11D3-BF4B-00C04F79EFBC}") = "MP 1", "MP 1\MP 1.csproj", "{99FC952A-4506-4442-AFB3-46A2B33D2E83}"
EndProject
Global
	GlobalSection(SolutionConfigurationPlatforms) = preSolution
		Debug|Any CPU = Debug|Any CPU
		Release|Any CPU = Release|Any CPU
	EndGlobalSection
	GlobalSection(ProjectConfigurationPlatforms) = postSolution
		{99FC952A-4506-4442-AFB3-46A2B33D2E83}.Debug|Any CPU.ActiveCfg = Debug|Any CPU
		{99FC952A-4506-4442-AFB3-46A2B33D2E83}.Debug|Any CPU.Build.0 = Debug|Any CPU
		{99FC952A-4506-4442-AFB3-46A2B33D2E83}.Release|Any CPU.ActiveCfg = Release|Any CPU
		{99FC952A-4506-4442-AFB3-46A2B33D2E83}.Release|Any CPU.Build.0 = Release|Any CPU
	EndGlobalSection
	GlobalSection(SolutionProperties) = preSolution
		HideSolutionNode = FALSE
	EndGlobalSection
	GlobalSection(ExtensibilityGlobals) = postSolution
		SolutionGuid = {A8DE5BBD-57C9-4050-A74F-707923E65EC7}
	EndGlobalSection
EndGlobal
